{
  "name": "locrypto",
  "version": "1.0.0",
  "lockfileVersion": 2,
  "requires": true,
  "packages": {
    "": {
      "version": "1.0.0",
      "license": "ISC",
      "dependencies": {
        "reserve": "^1.11.4"
      }
    },
    "node_modules/reserve": {
      "version": "1.11.4",
      "resolved": "https://registry.npmjs.org/reserve/-/reserve-1.11.4.tgz",
      "integrity": "sha512-neD6xJ27XoVjgxL4DCWDEAmdcHir7jVU8H//jjsgQbK8BeR+dYcTqBcspOJZtdgsjgo1Dt9aalhunFFLhVjoNA==",
      "bin": {
        "reserve": "index.js"
      },
      "engines": {
        "node": ">=10.0.0"
      }
    }
  },
  "dependencies": {
    "reserve": {
      "version": "1.11.4",
      "resolved": "https://registry.npmjs.org/reserve/-/reserve-1.11.4.tgz",
      "integrity": "sha512-neD6xJ27XoVjgxL4DCWDEAmdcHir7jVU8H//jjsgQbK8BeR+dYcTqBcspOJZtdgsjgo1Dt9aalhunFFLhVjoNA=="
    }
  }
}
