{
  "name": "locrypto",
  "version": "1.0.0",
  "lockfileVersion": 2,
  "requires": true,
  "packages": {
    "": {
      "name": "locrypto",
      "version": "1.0.0",
      "license": "MIT",
      "dependencies": {
        "reserve": "^1.12.1"
      }
    },
    "node_modules/reserve": {
      "version": "1.12.1",
      "resolved": "https://registry.npmjs.org/reserve/-/reserve-1.12.1.tgz",
      "integrity": "sha512-JxnVNNgWwV7FYPIKC2JgJbaVfuiJsFV90Z6fUK3KB86zvGH6cyEdIbScr4c8n0ZXxOmISnaTj4Yb3+M8tTFPZA==",
      "bin": {
        "reserve": "index.js"
      },
      "engines": {
        "node": ">=10.0.0"
      }
    }
  },
  "dependencies": {
    "reserve": {
      "version": "1.12.1",
      "resolved": "https://registry.npmjs.org/reserve/-/reserve-1.12.1.tgz",
      "integrity": "sha512-JxnVNNgWwV7FYPIKC2JgJbaVfuiJsFV90Z6fUK3KB86zvGH6cyEdIbScr4c8n0ZXxOmISnaTj4Yb3+M8tTFPZA=="
    }
  }
}
